
Microsoft Visual Studio Solution File, Format Version 12.00
# Visual Studio Version 17
VisualStudioVersion = 17.8.34511.84
MinimumVisualStudioVersion = 10.0.40219.1
Project("{FAE04EC0-301F-11D3-BF4B-00C04F79EFBC}") = "Reto0", "Reto0\Reto0.csproj", "{A7FED761-57C0-4F59-9BE7-94DDDE26D1B8}"
EndProject
Global
	GlobalSection(SolutionConfigurationPlatforms) = preSolution
		Debug|Any CPU = Debug|Any CPU
		Release|Any CPU = Release|Any CPU
	EndGlobalSection
	GlobalSection(ProjectConfigurationPlatforms) = postSolution
		{A7FED761-57C0-4F59-9BE7-94DDDE26D1B8}.Debug|Any CPU.ActiveCfg = Debug|Any CPU
		{A7FED761-57C0-4F59-9BE7-94DDDE26D1B8}.Debug|Any CPU.Build.0 = Debug|Any CPU
		{A7FED761-57C0-4F59-9BE7-94DDDE26D1B8}.Release|Any CPU.ActiveCfg = Release|Any CPU
		{A7FED761-57C0-4F59-9BE7-94DDDE26D1B8}.Release|Any CPU.Build.0 = Release|Any CPU
	EndGlobalSection
	GlobalSection(SolutionProperties) = preSolution
		HideSolutionNode = FALSE
	EndGlobalSection
	GlobalSection(ExtensibilityGlobals) = postSolution
		SolutionGuid = {80CC49A2-9576-410B-B391-117084186B4B}
	EndGlobalSection
EndGlobal
